
Microsoft Visual Studio Solution File, Format Version 12.00
# Visual Studio Version 17
VisualStudioVersion = 17.3.32825.248
MinimumVisualStudioVersion = 10.0.40219.1
Project("{9A19103F-16F7-4668-BE54-9A1E7A4F7556}") = "GameOfLife", "GameOfLife\GameOfLife.csproj", "{9CEDE735-2217-41F7-B697-C6912484DE90}"
EndProject
Project("{9A19103F-16F7-4668-BE54-9A1E7A4F7556}") = "GameOfLifeController", "GameOfLifeController\GameOfLifeController.csproj", "{D2F6FDDF-4FB7-4EA3-AC5B-FF9A3EFB0BB2}"
EndProject
Project("{FAE04EC0-301F-11D3-BF4B-00C04F79EFBC}") = "GameOfLife (WinForms)", "GameOfLife (WinForms)\GameOfLife (WinForms).csproj", "{AA2296AD-9FCA-4E19-B874-0C4E29149270}"
EndProject
Global
	GlobalSection(SolutionConfigurationPlatforms) = preSolution
		Debug|Any CPU = Debug|Any CPU
		Release|Any CPU = Release|Any CPU
	EndGlobalSection
	GlobalSection(ProjectConfigurationPlatforms) = postSolution
		{9CEDE735-2217-41F7-B697-C6912484DE90}.Debug|Any CPU.ActiveCfg = Debug|Any CPU
		{9CEDE735-2217-41F7-B697-C6912484DE90}.Debug|Any CPU.Build.0 = Debug|Any CPU
		{9CEDE735-2217-41F7-B697-C6912484DE90}.Release|Any CPU.ActiveCfg = Release|Any CPU
		{9CEDE735-2217-41F7-B697-C6912484DE90}.Release|Any CPU.Build.0 = Release|Any CPU
		{D2F6FDDF-4FB7-4EA3-AC5B-FF9A3EFB0BB2}.Debug|Any CPU.ActiveCfg = Debug|Any CPU
		{D2F6FDDF-4FB7-4EA3-AC5B-FF9A3EFB0BB2}.Debug|Any CPU.Build.0 = Debug|Any CPU
		{D2F6FDDF-4FB7-4EA3-AC5B-FF9A3EFB0BB2}.Release|Any CPU.ActiveCfg = Release|Any CPU
		{D2F6FDDF-4FB7-4EA3-AC5B-FF9A3EFB0BB2}.Release|Any CPU.Build.0 = Release|Any CPU
		{AA2296AD-9FCA-4E19-B874-0C4E29149270}.Debug|Any CPU.ActiveCfg = Debug|Any CPU
		{AA2296AD-9FCA-4E19-B874-0C4E29149270}.Debug|Any CPU.Build.0 = Debug|Any CPU
		{AA2296AD-9FCA-4E19-B874-0C4E29149270}.Release|Any CPU.ActiveCfg = Release|Any CPU
		{AA2296AD-9FCA-4E19-B874-0C4E29149270}.Release|Any CPU.Build.0 = Release|Any CPU
	EndGlobalSection
	GlobalSection(SolutionProperties) = preSolution
		HideSolutionNode = FALSE
	EndGlobalSection
	GlobalSection(ExtensibilityGlobals) = postSolution
		SolutionGuid = {90BDED57-4A04-4E43-80B0-FE01BE82FAC1}
	EndGlobalSection
EndGlobal
